
Microsoft Visual Studio Solution File, Format Version 12.00
# Visual Studio 14
VisualStudioVersion = 14.0.25420.1
MinimumVisualStudioVersion = 10.0.40219.1
Project("{FAE04EC0-301F-11D3-BF4B-00C04F79EFBC}") = "Server1", "Server1\Server1.csproj", "{FD4E6CE8-4608-4E4C-9F07-B79A01B4BC7D}"
EndProject
Project("{FAE04EC0-301F-11D3-BF4B-00C04F79EFBC}") = "EchoClient", "EchoClient\EchoClient.csproj", "{6663347A-B03A-47E0-8407-0BDFFB620F6C}"
EndProject
Global
	GlobalSection(SolutionConfigurationPlatforms) = preSolution
		Debug|Any CPU = Debug|Any CPU
		Release|Any CPU = Release|Any CPU
	EndGlobalSection
	GlobalSection(ProjectConfigurationPlatforms) = postSolution
		{FD4E6CE8-4608-4E4C-9F07-B79A01B4BC7D}.Debug|Any CPU.ActiveCfg = Debug|Any CPU
		{FD4E6CE8-4608-4E4C-9F07-B79A01B4BC7D}.Debug|Any CPU.Build.0 = Debug|Any CPU
		{FD4E6CE8-4608-4E4C-9F07-B79A01B4BC7D}.Release|Any CPU.ActiveCfg = Release|Any CPU
		{FD4E6CE8-4608-4E4C-9F07-B79A01B4BC7D}.Release|Any CPU.Build.0 = Release|Any CPU
		{6663347A-B03A-47E0-8407-0BDFFB620F6C}.Debug|Any CPU.ActiveCfg = Debug|Any CPU
		{6663347A-B03A-47E0-8407-0BDFFB620F6C}.Debug|Any CPU.Build.0 = Debug|Any CPU
		{6663347A-B03A-47E0-8407-0BDFFB620F6C}.Release|Any CPU.ActiveCfg = Release|Any CPU
		{6663347A-B03A-47E0-8407-0BDFFB620F6C}.Release|Any CPU.Build.0 = Release|Any CPU
	EndGlobalSection
	GlobalSection(SolutionProperties) = preSolution
		HideSolutionNode = FALSE
	EndGlobalSection
EndGlobal
